
Microsoft Visual Studio Solution File, Format Version 12.00
# Visual Studio Version 16
VisualStudioVersion = 16.0.32413.511
MinimumVisualStudioVersion = 10.0.40219.1
Project("{FAE04EC0-301F-11D3-BF4B-00C04F79EFBC}") = "Tema6Ex1", "Tema6Ex1\Tema6Ex1.csproj", "{5BEBEC5F-E70A-437B-9ABF-0B801E469F0A}"
EndProject
Global
	GlobalSection(SolutionConfigurationPlatforms) = preSolution
		Debug|Any CPU = Debug|Any CPU
		Release|Any CPU = Release|Any CPU
	EndGlobalSection
	GlobalSection(ProjectConfigurationPlatforms) = postSolution
		{5BEBEC5F-E70A-437B-9ABF-0B801E469F0A}.Debug|Any CPU.ActiveCfg = Debug|Any CPU
		{5BEBEC5F-E70A-437B-9ABF-0B801E469F0A}.Debug|Any CPU.Build.0 = Debug|Any CPU
		{5BEBEC5F-E70A-437B-9ABF-0B801E469F0A}.Release|Any CPU.ActiveCfg = Release|Any CPU
		{5BEBEC5F-E70A-437B-9ABF-0B801E469F0A}.Release|Any CPU.Build.0 = Release|Any CPU
	EndGlobalSection
	GlobalSection(SolutionProperties) = preSolution
		HideSolutionNode = FALSE
	EndGlobalSection
	GlobalSection(ExtensibilityGlobals) = postSolution
		SolutionGuid = {3040AF18-69FF-45BA-AB5D-DFFFE153D101}
	EndGlobalSection
EndGlobal
